// !$*UTF8*$!
{
	archiveVersion = 1;
	classes = {
	};
	objectVersion = 56;
	objects = {

/* Begin PBXBuildFile section */
		72450A392A6FB49400B8551B /* AppDelegate.swift in Sources */ = {isa = PBXBuildFile; fileRef = 72450A382A6FB49400B8551B /* AppDelegate.swift */; };
		72450A3B2A6FB49400B8551B /* SceneDelegate.swift in Sources */ = {isa = PBXBuildFile; fileRef = 72450A3A2A6FB49400B8551B /* SceneDelegate.swift */; };
		72450A3D2A6FB49400B8551B /* MainViewController.swift in Sources */ = {isa = PBXBuildFile; fileRef = 72450A3C2A6FB49400B8551B /* MainViewController.swift */; };
		72450A402A6FB49400B8551B /* Main.storyboard in Resources */ = {isa = PBXBuildFile; fileRef = 72450A3E2A6FB49400B8551B /* Main.storyboard */; };
		72450A422A6FB49500B8551B /* Assets.xcassets in Resources */ = {isa = PBXBuildFile; fileRef = 72450A412A6FB49500B8551B /* Assets.xcassets */; };
		72450A452A6FB49500B8551B /* LaunchScreen.storyboard in Resources */ = {isa = PBXBuildFile; fileRef = 72450A432A6FB49500B8551B /* LaunchScreen.storyboard */; };
		72450A4D2A6FB54D00B8551B /* Emotion.swift in Sources */ = {isa = PBXBuildFile; fileRef = 72450A4C2A6FB54D00B8551B /* Emotion.swift */; };
		72450A4F2A6FBF8B00B8551B /* StaticViewController.swift in Sources */ = {isa = PBXBuildFile; fileRef = 72450A4E2A6FBF8B00B8551B /* StaticViewController.swift */; };
		72450A512A70184800B8551B /* Haptic.swift in Sources */ = {isa = PBXBuildFile; fileRef = 72450A502A70184800B8551B /* Haptic.swift */; };
/* End PBXBuildFile section */

/* Begin PBXFileReference section */
		72450A352A6FB49400B8551B /* DailyEmotion.app */ = {isa = PBXFileReference; explicitFileType = wrapper.application; includeInIndex = 0; path = DailyEmotion.app; sourceTree = BUILT_PRODUCTS_DIR; };
		72450A382A6FB49400B8551B /* AppDelegate.swift */ = {isa = PBXFileReference; lastKnownFileType = sourcecode.swift; path = AppDelegate.swift; sourceTree = "<group>"; };
		72450A3A2A6FB49400B8551B /* SceneDelegate.swift */ = {isa = PBXFileReference; lastKnownFileType = sourcecode.swift; path = SceneDelegate.swift; sourceTree = "<group>"; };
		72450A3C2A6FB49400B8551B /* MainViewController.swift */ = {isa = PBXFileReference; lastKnownFileType = sourcecode.swift; path = MainViewController.swift; sourceTree = "<group>"; };
		72450A3F2A6FB49400B8551B /* Base */ = {isa = PBXFileReference; lastKnownFileType = file.storyboard; name = Base; path = Base.lproj/Main.storyboard; sourceTree = "<group>"; };
		72450A412A6FB49500B8551B /* Assets.xcassets */ = {isa = PBXFileReference; lastKnownFileType = folder.assetcatalog; path = Assets.xcassets; sourceTree = "<group>"; };
		72450A442A6FB49500B8551B /* Base */ = {isa = PBXFileReference; lastKnownFileType = file.storyboard; name = Base; path = Base.lproj/LaunchScreen.storyboard; sourceTree = "<group>"; };
		72450A462A6FB49500B8551B /* Info.plist */ = {isa = PBXFileReference; lastKnownFileType = text.plist.xml; path = Info.plist; sourceTree = "<group>"; };
		72450A4C2A6FB54D00B8551B /* Emotion.swift */ = {isa = PBXFileReference; lastKnownFileType = sourcecode.swift; path = Emotion.swift; sourceTree = "<group>"; };
		72450A4E2A6FBF8B00B8551B /* StaticViewController.swift */ = {isa = PBXFileReference; lastKnownFileType = sourcecode.swift; path = StaticViewController.swift; sourceTree = "<group>"; };
		72450A502A70184800B8551B /* Haptic.swift */ = {isa = PBXFileReference; lastKnownFileType = sourcecode.swift; path = Haptic.swift; sourceTree = "<group>"; };
/* End PBXFileReference section */

/* Begin PBXFrameworksBuildPhase section */
		72450A322A6FB49400B8551B /* Frameworks */ = {
			isa = PBXFrameworksBuildPhase;
			buildActionMask = 2147483647;
			files = (
			);
			runOnlyForDeploymentPostprocessing = 0;
		};
/* End PBXFrameworksBuildPhase section */

/* Begin PBXGroup section */
		72450A2C2A6FB49400B8551B = {
			isa = PBXGroup;
			children = (
				72450A372A6FB49400B8551B /* DailyEmotion */,
				72450A362A6FB49400B8551B /* Products */,
			);
			sourceTree = "<group>";
		};
		72450A362A6FB49400B8551B /* Products */ = {
			isa = PBXGroup;
			children = (
				72450A352A6FB49400B8551B /* DailyEmotion.app */,
			);
			name = Products;
			sourceTree = "<group>";
		};
		72450A372A6FB49400B8551B /* DailyEmotion */ = {
			isa = PBXGroup;
			children = (
				72450A382A6FB49400B8551B /* AppDelegate.swift */,
				72450A3A2A6FB49400B8551B /* SceneDelegate.swift */,
				72450A502A70184800B8551B /* Haptic.swift */,
				72450A4C2A6FB54D00B8551B /* Emotion.swift */,
				72450A3C2A6FB49400B8551B /* MainViewController.swift */,
				72450A4E2A6FBF8B00B8551B /* StaticViewController.swift */,
				72450A3E2A6FB49400B8551B /* Main.storyboard */,
				72450A412A6FB49500B8551B /* Assets.xcassets */,
				72450A432A6FB49500B8551B /* LaunchScreen.storyboard */,
				72450A462A6FB49500B8551B /* Info.plist */,
			);
			path = DailyEmotion;
			sourceTree = "<group>";
		};
/* End PBXGroup section */

/* Begin PBXNativeTarget section */
		72450A342A6FB49400B8551B /* DailyEmotion */ = {
			isa = PBXNativeTarget;
			buildConfigurationList = 72450A492A6FB49500B8551B /* Build configuration list for PBXNativeTarget "DailyEmotion" */;
			buildPhases = (
				72450A312A6FB49400B8551B /* Sources */,
				72450A322A6FB49400B8551B /* Frameworks */,
				72450A332A6FB49400B8551B /* Resources */,
			);
			buildRules = (
			);
			dependencies = (
			);
			name = DailyEmotion;
			productName = DailyEmotion;
			productReference = 72450A352A6FB49400B8551B /* DailyEmotion.app */;
			productType = "com.apple.product-type.application";
		};
/* End PBXNativeTarget section */

/* Begin PBXProject section */
		72450A2D2A6FB49400B8551B /* Project object */ = {
			isa = PBXProject;
			attributes = {
				BuildIndependentTargetsInParallel = 1;
				LastSwiftUpdateCheck = 1430;
				LastUpgradeCheck = 1430;
				TargetAttributes = {
					72450A342A6FB49400B8551B = {
						CreatedOnToolsVersion = 14.3;
					};
				};
			};
			buildConfigurationList = 72450A302A6FB49400B8551B /* Build configuration list for PBXProject "DailyEmotion" */;
			compatibilityVersion = "Xcode 14.0";
			developmentRegion = en;
			hasScannedForEncodings = 0;
			knownRegions = (
				en,
				Base,
			);
			mainGroup = 72450A2C2A6FB49400B8551B;
			productRefGroup = 72450A362A6FB49400B8551B /* Products */;
			projectDirPath = "";
			projectRoot = "";
			targets = (
				72450A342A6FB49400B8551B /* DailyEmotion */,
			);
		};
/* End PBXProject section */

/* Begin PBXResourcesBuildPhase section */
		72450A332A6FB49400B8551B /* Resources */ = {
			isa = PBXResourcesBuildPhase;
			buildActionMask = 2147483647;
			files = (
				72450A452A6FB49500B8551B /* LaunchScreen.storyboard in Resources */,
				72450A422A6FB49500B8551B /* Assets.xcassets in Resources */,
				72450A402A6FB49400B8551B /* Main.storyboard in Resources */,
			);
			runOnlyForDeploymentPostprocessing = 0;
		};
/* End PBXResourcesBuildPhase section */

/* Begin PBXSourcesBuildPhase section */
		72450A312A6FB49400B8551B /* Sources */ = {
			isa = PBXSourcesBuildPhase;
			buildActionMask = 2147483647;
			files = (
				72450A512A70184800B8551B /* Haptic.swift in Sources */,
				72450A3D2A6FB49400B8551B /* MainViewController.swift in Sources */,
				72450A392A6FB49400B8551B /* AppDelegate.swift in Sources */,
				72450A3B2A6FB49400B8551B /* SceneDelegate.swift in Sources */,
				72450A4F2A6FBF8B00B8551B /* StaticViewController.swift in Sources */,
				72450A4D2A6FB54D00B8551B /* Emotion.swift in Sources */,
			);
			runOnlyForDeploymentPostprocessing = 0;
		};
/* End PBXSourcesBuildPhase section */

/* Begin PBXVariantGroup section */
		72450A3E2A6FB49400B8551B /* Main.storyboard */ = {
			isa = PBXVariantGroup;
			children = (
				72450A3F2A6FB49400B8551B /* Base */,
			);
			name = Main.storyboard;
			sourceTree = "<group>";
		};
		72450A432A6FB49500B8551B /* LaunchScreen.storyboard */ = {
			isa = PBXVariantGroup;
			children = (
				72450A442A6FB49500B8551B /* Base */,
			);
			name = LaunchScreen.storyboard;
			sourceTree = "<group>";
		};
/* End PBXVariantGroup section */

/* Begin XCBuildConfiguration section */
		72450A472A6FB49500B8551B /* Debug */ = {
			isa = XCBuildConfiguration;
			buildSettings = {
				ALWAYS_SEARCH_USER_PATHS = NO;
				CLANG_ANALYZER_NONNULL = YES;
				CLANG_ANALYZER_NUMBER_OBJECT_CONVERSION = YES_AGGRESSIVE;
				CLANG_CXX_LANGUAGE_STANDARD = "gnu++20";
				CLANG_ENABLE_MODULES = YES;
				CLANG_ENABLE_OBJC_ARC = YES;
				CLANG_ENABLE_OBJC_WEAK = YES;
				CLANG_WARN_BLOCK_CAPTURE_AUTORELEASING = YES;
				CLANG_WARN_BOOL_CONVERSION = YES;
				CLANG_WARN_COMMA = YES;
				CLANG_WARN_CONSTANT_CONVERSION = YES;
				CLANG_WARN_DEPRECATED_OBJC_IMPLEMENTATIONS = YES;
				CLANG_WARN_DIRECT_OBJC_ISA_USAGE = YES_ERROR;
				CLANG_WARN_DOCUMENTATION_COMMENTS = YES;
				CLANG_WARN_EMPTY_BODY = YES;
				CLANG_WARN_ENUM_CONVERSION = YES;
				CLANG_WARN_INFINITE_RECURSION = YES;
				CLANG_WARN_INT_CONVERSION = YES;
				CLANG_WARN_NON_LITERAL_NULL_CONVERSION = YES;
				CLANG_WARN_OBJC_IMPLICIT_RETAIN_SELF = YES;
				CLANG_WARN_OBJC_LITERAL_CONVERSION = YES;
				CLANG_WARN_OBJC_ROOT_CLASS = YES_ERROR;
				CLANG_WARN_QUOTED_INCLUDE_IN_FRAMEWORK_HEADER = YES;
				CLANG_WARN_RANGE_LOOP_ANALYSIS = YES;
				CLANG_WARN_STRICT_PROTOTYPES = YES;
				CLANG_WARN_SUSPICIOUS_MOVE = YES;
				CLANG_WARN_UNGUARDED_AVAILABILITY = YES_AGGRESSIVE;
				CLANG_WARN_UNREACHABLE_CODE = YES;
				CLANG_WARN__DUPLICATE_METHOD_MATCH = YES;
				COPY_PHASE_STRIP = NO;
				DEBUG_INFORMATION_FORMAT = dwarf;
				ENABLE_STRICT_OBJC_MSGSEND = YES;
				ENABLE_TESTABILITY = YES;
				GCC_C_LANGUAGE_STANDARD = gnu11;
				GCC_DYNAMIC_NO_PIC = NO;
				GCC_NO_COMMON_BLOCKS = YES;
				GCC_OPTIMIZATION_LEVEL = 0;
				GCC_PREPROCESSOR_DEFINITIONS = (
					"DEBUG=1",
					"$(inherited)",
				);
				GCC_WARN_64_TO_32_BIT_CONVERSION = YES;
				GCC_WARN_ABOUT_RETURN_TYPE = YES_ERROR;
				GCC_WARN_UNDECLARED_SELECTOR = YES;
				GCC_WARN_UNINITIALIZED_AUTOS = YES_AGGRESSIVE;
				GCC_WARN_UNUSED_FUNCTION = YES;
				GCC_WARN_UNUSED_VARIABLE = YES;
				IPHONEOS_DEPLOYMENT_TARGET = 16.4;
				MTL_ENABLE_DEBUG_INFO = INCLUDE_SOURCE;
				MTL_FAST_MATH = YES;
				ONLY_ACTIVE_ARCH = YES;
				SDKROOT = iphoneos;
				SWIFT_ACTIVE_COMPILATION_CONDITIONS = DEBUG;
				SWIFT_OPTIMIZATION_LEVEL = "-Onone";
			};
			name = Debug;
		};
		72450A482A6FB49500B8551B /* Release */ = {
			isa = XCBuildConfiguration;
			buildSettings = {
				ALWAYS_SEARCH_USER_PATHS = NO;
				CLANG_ANALYZER_NONNULL = YES;
				CLANG_ANALYZER_NUMBER_OBJECT_CONVERSION = YES_AGGRESSIVE;
				CLANG_CXX_LANGUAGE_STANDARD = "gnu++20";
				CLANG_ENABLE_MODULES = YES;
				CLANG_ENABLE_OBJC_ARC = YES;
				CLANG_ENABLE_OBJC_WEAK = YES;
				CLANG_WARN_BLOCK_CAPTURE_AUTORELEASING = YES;
				CLANG_WARN_BOOL_CONVERSION = YES;
				CLANG_WARN_COMMA = YES;
				CLANG_WARN_CONSTANT_CONVERSION = YES;
				CLANG_WARN_DEPRECATED_OBJC_IMPLEMENTATIONS = YES;
				CLANG_WARN_DIRECT_OBJC_ISA_USAGE = YES_ERROR;
				CLANG_WARN_DOCUMENTATION_COMMENTS = YES;
				CLANG_WARN_EMPTY_BODY = YES;
				CLANG_WARN_ENUM_CONVERSION = YES;
				CLANG_WARN_INFINITE_RECURSION = YES;
				CLANG_WARN_INT_CONVERSION = YES;
				CLANG_WARN_NON_LITERAL_NULL_CONVERSION = YES;
				CLANG_WARN_OBJC_IMPLICIT_RETAIN_SELF = YES;
				CLANG_WARN_OBJC_LITERAL_CONVERSION = YES;
				CLANG_WARN_OBJC_ROOT_CLASS = YES_ERROR;
				CLANG_WARN_QUOTED_INCLUDE_IN_FRAMEWORK_HEADER = YES;
				CLANG_WARN_RANGE_LOOP_ANALYSIS = YES;
				CLANG_WARN_STRICT_PROTOTYPES = YES;
				CLANG_WARN_SUSPICIOUS_MOVE = YES;
				CLANG_WARN_UNGUARDED_AVAILABILITY = YES_AGGRESSIVE;
				CLANG_WARN_UNREACHABLE_CODE = YES;
				CLANG_WARN__DUPLICATE_METHOD_MATCH = YES;
				COPY_PHASE_STRIP = NO;
				DEBUG_INFORMATION_FORMAT = "dwarf-with-dsym";
				ENABLE_NS_ASSERTIONS = NO;
				ENABLE_STRICT_OBJC_MSGSEND = YES;
				GCC_C_LANGUAGE_STANDARD = gnu11;
				GCC_NO_COMMON_BLOCKS = YES;
				GCC_WARN_64_TO_32_BIT_CONVERSION = YES;
				GCC_WARN_ABOUT_RETURN_TYPE = YES_ERROR;
				GCC_WARN_UNDECLARED_SELECTOR = YES;
				GCC_WARN_UNINITIALIZED_AUTOS = YES_AGGRESSIVE;
				GCC_WARN_UNUSED_FUNCTION = YES;
				GCC_WARN_UNUSED_VARIABLE = YES;
				IPHONEOS_DEPLOYMENT_TARGET = 16.4;
				MTL_ENABLE_DEBUG_INFO = NO;
				MTL_FAST_MATH = YES;
				SDKROOT = iphoneos;
				SWIFT_COMPILATION_MODE = wholemodule;
				SWIFT_OPTIMIZATION_LEVEL = "-O";
				VALIDATE_PRODUCT = YES;
			};
			name = Release;
		};
		72450A4A2A6FB49500B8551B /* Debug */ = {
			isa = XCBuildConfiguration;
			buildSettings = {
				ASSETCATALOG_COMPILER_APPICON_NAME = AppIcon;
				ASSETCATALOG_COMPILER_GLOBAL_ACCENT_COLOR_NAME = AccentColor;
				CODE_SIGN_STYLE = Automatic;
				CURRENT_PROJECT_VERSION = 1;
				DEVELOPMENT_TEAM = G8228CR939;
				GENERATE_INFOPLIST_FILE = YES;
				INFOPLIST_FILE = DailyEmotion/Info.plist;
				INFOPLIST_KEY_UIApplicationSupportsIndirectInputEvents = YES;
				INFOPLIST_KEY_UILaunchStoryboardName = LaunchScreen;
				INFOPLIST_KEY_UIMainStoryboardFile = Main;
				INFOPLIST_KEY_UISupportedInterfaceOrientations_iPad = "UIInterfaceOrientationPortrait UIInterfaceOrientationPortraitUpsideDown UIInterfaceOrientationLandscapeLeft UIInterfaceOrientationLandscapeRight";
				INFOPLIST_KEY_UISupportedInterfaceOrientations_iPhone = "UIInterfaceOrientationPortrait UIInterfaceOrientationLandscapeLeft UIInterfaceOrientationLandscapeRight";
				LD_RUNPATH_SEARCH_PATHS = (
					"$(inherited)",
					"@executable_path/Frameworks",
				);
				MARKETING_VERSION = 1.0;
				PRODUCT_BUNDLE_IDENTIFIER = com.DailyEmotion;
				PRODUCT_NAME = "$(TARGET_NAME)";
				SWIFT_EMIT_LOC_STRINGS = YES;
				SWIFT_VERSION = 5.0;
				TARGETED_DEVICE_FAMILY = "1,2";
			};
			name = Debug;
		};
		72450A4B2A6FB49500B8551B /* Release */ = {
			isa = XCBuildConfiguration;
			buildSettings = {
				ASSETCATALOG_COMPILER_APPICON_NAME = AppIcon;
				ASSETCATALOG_COMPILER_GLOBAL_ACCENT_COLOR_NAME = AccentColor;
				CODE_SIGN_STYLE = Automatic;
				CURRENT_PROJECT_VERSION = 1;
				DEVELOPMENT_TEAM = G8228CR939;
				GENERATE_INFOPLIST_FILE = YES;
				INFOPLIST_FILE = DailyEmotion/Info.plist;
				INFOPLIST_KEY_UIApplicationSupportsIndirectInputEvents = YES;
				INFOPLIST_KEY_UILaunchStoryboardName = LaunchScreen;
				INFOPLIST_KEY_UIMainStoryboardFile = Main;
				INFOPLIST_KEY_UISupportedInterfaceOrientations_iPad = "UIInterfaceOrientationPortrait UIInterfaceOrientationPortraitUpsideDown UIInterfaceOrientationLandscapeLeft UIInterfaceOrientationLandscapeRight";
				INFOPLIST_KEY_UISupportedInterfaceOrientations_iPhone = "UIInterfaceOrientationPortrait UIInterfaceOrientationLandscapeLeft UIInterfaceOrientationLandscapeRight";
				LD_RUNPATH_SEARCH_PATHS = (
					"$(inherited)",
					"@executable_path/Frameworks",
				);
				MARKETING_VERSION = 1.0;
				PRODUCT_BUNDLE_IDENTIFIER = com.DailyEmotion;
				PRODUCT_NAME = "$(TARGET_NAME)";
				SWIFT_EMIT_LOC_STRINGS = YES;
				SWIFT_VERSION = 5.0;
				TARGETED_DEVICE_FAMILY = "1,2";
			};
			name = Release;
		};
/* End XCBuildConfiguration section */

/* Begin XCConfigurationList section */
		72450A302A6FB49400B8551B /* Build configuration list for PBXProject "DailyEmotion" */ = {
			isa = XCConfigurationList;
			buildConfigurations = (
				72450A472A6FB49500B8551B /* Debug */,
				72450A482A6FB49500B8551B /* Release */,
			);
			defaultConfigurationIsVisible = 0;
			defaultConfigurationName = Release;
		};
		72450A492A6FB49500B8551B /* Build configuration list for PBXNativeTarget "DailyEmotion" */ = {
			isa = XCConfigurationList;
			buildConfigurations = (
				72450A4A2A6FB49500B8551B /* Debug */,
				72450A4B2A6FB49500B8551B /* Release */,
			);
			defaultConfigurationIsVisible = 0;
			defaultConfigurationName = Release;
		};
/* End XCConfigurationList section */
	};
	rootObject = 72450A2D2A6FB49400B8551B /* Project object */;
}
